<?xml version="1.0" encoding="utf-8"?>
<Project ToolsVersion="15.0" xmlns="http://schemas.microsoft.com/developer/msbuild/2003">
  <ItemGroup>
    <CustomBuild Include="D:\Research\Intel Realsense\librealsense-master\librealsense-master\CMakeFiles\3a2cc86283aa952a590560fbd5a8260b\INSTALL_force.rule">
      <Filter>CMake Rules</Filter>
    </CustomBuild>
  </ItemGroup>
  <ItemGroup>
    <Filter Include="CMake Rules">
      <UniqueIdentifier>{9F771573-0032-3E5F-84E9-55E3EBCE4DF7}</UniqueIdentifier>
    </Filter>
  </ItemGroup>
</Project>
