Microsoft Visual Studio Solution File, Format Version 12.00
# Visual Studio 15
Project("{2150E333-8FDC-42A3-9474-1A3956D46DE8}") = "CMakePredefinedTargets", "CMakePredefinedTargets", "{16446CC9-F2FA-3256-8E55-6539A1B46890}"
EndProject
Project("{2150E333-8FDC-42A3-9474-1A3956D46DE8}") = "Examples", "Examples", "{85958CC5-8DE9-3F49-9B54-11194783D111}"
EndProject
Project("{2150E333-8FDC-42A3-9474-1A3956D46DE8}") = "ExternalProjectTargets", "ExternalProjectTargets", "{C52FD859-F761-31B1-953E-14391AC4F442}"
EndProject
Project("{2150E333-8FDC-42A3-9474-1A3956D46DE8}") = "libusb", "ExternalProjectTargets\libusb", "{EEECB673-A332-36B6-890A-4952B9011076}"
EndProject
Project("{2150E333-8FDC-42A3-9474-1A3956D46DE8}") = "GLFW3", "GLFW3", "{9FF434E1-1681-3546-A08B-327B5D554B30}"
EndProject
Project("{2150E333-8FDC-42A3-9474-1A3956D46DE8}") = "Library", "Library", "{05D70FAC-A84A-3F57-92C4-ED842A92A297}"
EndProject
Project("{8BC9CEB8-8B4A-11D0-8D11-00A0C91BC942}") = "ALL_BUILD", "ALL_BUILD.vcxproj", "{3CDCC6F2-231B-3829-8B02-A24FEAF0F42C}"
	ProjectSection(ProjectDependencies) = postProject
		{00219D7D-A4A9-3E29-9253-9DBC2201C8A0} = {00219D7D-A4A9-3E29-9253-9DBC2201C8A0}
		{B5C9C0DD-C8A8-3587-8842-006D1A7A11D4} = {B5C9C0DD-C8A8-3587-8842-006D1A7A11D4}
	EndProjectSection
EndProject
Project("{8BC9CEB8-8B4A-11D0-8D11-00A0C91BC942}") = "INSTALL", "INSTALL.vcxproj", "{6C753F63-CCB7-3732-ADD3-1CDBD961D613}"
	ProjectSection(ProjectDependencies) = postProject
		{3CDCC6F2-231B-3829-8B02-A24FEAF0F42C} = {3CDCC6F2-231B-3829-8B02-A24FEAF0F42C}
		{00219D7D-A4A9-3E29-9253-9DBC2201C8A0} = {00219D7D-A4A9-3E29-9253-9DBC2201C8A0}
	EndProjectSection
EndProject
Project("{8BC9CEB8-8B4A-11D0-8D11-00A0C91BC942}") = "ZERO_CHECK", "..\..\\ZERO_CHECK.vcxproj", "{00219D7D-A4A9-3E29-9253-9DBC2201C8A0}"
	ProjectSection(ProjectDependencies) = postProject
	EndProjectSection
EndProject
Project("{8BC9CEB8-8B4A-11D0-8D11-00A0C91BC942}") = "fw", "..\..\third-party\libtm\fw\fw.vcxproj", "{BAA5AB33-8F29-3F1D-8E82-8DFE1C8A57AC}"
	ProjectSection(ProjectDependencies) = postProject
		{00219D7D-A4A9-3E29-9253-9DBC2201C8A0} = {00219D7D-A4A9-3E29-9253-9DBC2201C8A0}
	EndProjectSection
EndProject
Project("{8BC9CEB8-8B4A-11D0-8D11-00A0C91BC942}") = "glfw", "..\..\third-party\glfw\src\glfw.vcxproj", "{8A8024C5-B5F2-3F5C-8CE6-14AF360835DB}"
	ProjectSection(ProjectDependencies) = postProject
		{00219D7D-A4A9-3E29-9253-9DBC2201C8A0} = {00219D7D-A4A9-3E29-9253-9DBC2201C8A0}
	EndProjectSection
EndProject
Project("{8BC9CEB8-8B4A-11D0-8D11-00A0C91BC942}") = "libusb", "..\..\\libusb.vcxproj", "{000EE445-1A53-3550-A78C-1A0A13F64AFC}"
	ProjectSection(ProjectDependencies) = postProject
		{00219D7D-A4A9-3E29-9253-9DBC2201C8A0} = {00219D7D-A4A9-3E29-9253-9DBC2201C8A0}
	EndProjectSection
EndProject
Project("{8BC9CEB8-8B4A-11D0-8D11-00A0C91BC942}") = "realsense-file", "..\..\third-party\realsense-file\realsense-file.vcxproj", "{9A3D19D2-9BFC-3A8C-8DD6-C3B6F403A28C}"
	ProjectSection(ProjectDependencies) = postProject
		{00219D7D-A4A9-3E29-9253-9DBC2201C8A0} = {00219D7D-A4A9-3E29-9253-9DBC2201C8A0}
	EndProjectSection
EndProject
Project("{8BC9CEB8-8B4A-11D0-8D11-00A0C91BC942}") = "realsense2", "..\..\\realsense2.vcxproj", "{FFBA7B61-D3D5-3ACF-AD79-C5A995E99C41}"
	ProjectSection(ProjectDependencies) = postProject
		{00219D7D-A4A9-3E29-9253-9DBC2201C8A0} = {00219D7D-A4A9-3E29-9253-9DBC2201C8A0}
		{BAA5AB33-8F29-3F1D-8E82-8DFE1C8A57AC} = {BAA5AB33-8F29-3F1D-8E82-8DFE1C8A57AC}
		{9A3D19D2-9BFC-3A8C-8DD6-C3B6F403A28C} = {9A3D19D2-9BFC-3A8C-8DD6-C3B6F403A28C}
		{13188B6F-5086-3B11-BE97-67E0E1BF0C19} = {13188B6F-5086-3B11-BE97-67E0E1BF0C19}
	EndProjectSection
EndProject
Project("{8BC9CEB8-8B4A-11D0-8D11-00A0C91BC942}") = "rs-motion", "rs-motion.vcxproj", "{B5C9C0DD-C8A8-3587-8842-006D1A7A11D4}"
	ProjectSection(ProjectDependencies) = postProject
		{00219D7D-A4A9-3E29-9253-9DBC2201C8A0} = {00219D7D-A4A9-3E29-9253-9DBC2201C8A0}
		{8A8024C5-B5F2-3F5C-8CE6-14AF360835DB} = {8A8024C5-B5F2-3F5C-8CE6-14AF360835DB}
		{FFBA7B61-D3D5-3ACF-AD79-C5A995E99C41} = {FFBA7B61-D3D5-3ACF-AD79-C5A995E99C41}
	EndProjectSection
EndProject
Project("{8BC9CEB8-8B4A-11D0-8D11-00A0C91BC942}") = "tm", "..\..\third-party\libtm\libtm\src\tm.vcxproj", "{13188B6F-5086-3B11-BE97-67E0E1BF0C19}"
	ProjectSection(ProjectDependencies) = postProject
		{00219D7D-A4A9-3E29-9253-9DBC2201C8A0} = {00219D7D-A4A9-3E29-9253-9DBC2201C8A0}
		{BAA5AB33-8F29-3F1D-8E82-8DFE1C8A57AC} = {BAA5AB33-8F29-3F1D-8E82-8DFE1C8A57AC}
		{000EE445-1A53-3550-A78C-1A0A13F64AFC} = {000EE445-1A53-3550-A78C-1A0A13F64AFC}
	EndProjectSection
EndProject
Global
	GlobalSection(SolutionConfigurationPlatforms) = preSolution
		Debug|Win32 = Debug|Win32
		Release|Win32 = Release|Win32
		MinSizeRel|Win32 = MinSizeRel|Win32
		RelWithDebInfo|Win32 = RelWithDebInfo|Win32
	EndGlobalSection
	GlobalSection(ProjectConfigurationPlatforms) = postSolution
		{3CDCC6F2-231B-3829-8B02-A24FEAF0F42C}.Debug|Win32.ActiveCfg = Debug|Win32
		{3CDCC6F2-231B-3829-8B02-A24FEAF0F42C}.Debug|Win32.Build.0 = Debug|Win32
		{3CDCC6F2-231B-3829-8B02-A24FEAF0F42C}.Release|Win32.ActiveCfg = Release|Win32
		{3CDCC6F2-231B-3829-8B02-A24FEAF0F42C}.Release|Win32.Build.0 = Release|Win32
		{3CDCC6F2-231B-3829-8B02-A24FEAF0F42C}.MinSizeRel|Win32.ActiveCfg = MinSizeRel|Win32
		{3CDCC6F2-231B-3829-8B02-A24FEAF0F42C}.MinSizeRel|Win32.Build.0 = MinSizeRel|Win32
		{3CDCC6F2-231B-3829-8B02-A24FEAF0F42C}.RelWithDebInfo|Win32.ActiveCfg = RelWithDebInfo|Win32
		{3CDCC6F2-231B-3829-8B02-A24FEAF0F42C}.RelWithDebInfo|Win32.Build.0 = RelWithDebInfo|Win32
		{6C753F63-CCB7-3732-ADD3-1CDBD961D613}.Debug|Win32.ActiveCfg = Debug|Win32
		{6C753F63-CCB7-3732-ADD3-1CDBD961D613}.Release|Win32.ActiveCfg = Release|Win32
		{6C753F63-CCB7-3732-ADD3-1CDBD961D613}.MinSizeRel|Win32.ActiveCfg = MinSizeRel|Win32
		{6C753F63-CCB7-3732-ADD3-1CDBD961D613}.RelWithDebInfo|Win32.ActiveCfg = RelWithDebInfo|Win32
		{00219D7D-A4A9-3E29-9253-9DBC2201C8A0}.Debug|Win32.ActiveCfg = Debug|Win32
		{00219D7D-A4A9-3E29-9253-9DBC2201C8A0}.Debug|Win32.Build.0 = Debug|Win32
		{00219D7D-A4A9-3E29-9253-9DBC2201C8A0}.Release|Win32.ActiveCfg = Release|Win32
		{00219D7D-A4A9-3E29-9253-9DBC2201C8A0}.Release|Win32.Build.0 = Release|Win32
		{00219D7D-A4A9-3E29-9253-9DBC2201C8A0}.MinSizeRel|Win32.ActiveCfg = MinSizeRel|Win32
		{00219D7D-A4A9-3E29-9253-9DBC2201C8A0}.MinSizeRel|Win32.Build.0 = MinSizeRel|Win32
		{00219D7D-A4A9-3E29-9253-9DBC2201C8A0}.RelWithDebInfo|Win32.ActiveCfg = RelWithDebInfo|Win32
		{00219D7D-A4A9-3E29-9253-9DBC2201C8A0}.RelWithDebInfo|Win32.Build.0 = RelWithDebInfo|Win32
		{BAA5AB33-8F29-3F1D-8E82-8DFE1C8A57AC}.Debug|Win32.ActiveCfg = Debug|Win32
		{BAA5AB33-8F29-3F1D-8E82-8DFE1C8A57AC}.Debug|Win32.Build.0 = Debug|Win32
		{BAA5AB33-8F29-3F1D-8E82-8DFE1C8A57AC}.Release|Win32.ActiveCfg = Release|Win32
		{BAA5AB33-8F29-3F1D-8E82-8DFE1C8A57AC}.Release|Win32.Build.0 = Release|Win32
		{BAA5AB33-8F29-3F1D-8E82-8DFE1C8A57AC}.MinSizeRel|Win32.ActiveCfg = MinSizeRel|Win32
		{BAA5AB33-8F29-3F1D-8E82-8DFE1C8A57AC}.MinSizeRel|Win32.Build.0 = MinSizeRel|Win32
		{BAA5AB33-8F29-3F1D-8E82-8DFE1C8A57AC}.RelWithDebInfo|Win32.ActiveCfg = RelWithDebInfo|Win32
		{BAA5AB33-8F29-3F1D-8E82-8DFE1C8A57AC}.RelWithDebInfo|Win32.Build.0 = RelWithDebInfo|Win32
		{8A8024C5-B5F2-3F5C-8CE6-14AF360835DB}.Debug|Win32.ActiveCfg = Debug|Win32
		{8A8024C5-B5F2-3F5C-8CE6-14AF360835DB}.Debug|Win32.Build.0 = Debug|Win32
		{8A8024C5-B5F2-3F5C-8CE6-14AF360835DB}.Release|Win32.ActiveCfg = Release|Win32
		{8A8024C5-B5F2-3F5C-8CE6-14AF360835DB}.Release|Win32.Build.0 = Release|Win32
		{8A8024C5-B5F2-3F5C-8CE6-14AF360835DB}.MinSizeRel|Win32.ActiveCfg = MinSizeRel|Win32
		{8A8024C5-B5F2-3F5C-8CE6-14AF360835DB}.MinSizeRel|Win32.Build.0 = MinSizeRel|Win32
		{8A8024C5-B5F2-3F5C-8CE6-14AF360835DB}.RelWithDebInfo|Win32.ActiveCfg = RelWithDebInfo|Win32
		{8A8024C5-B5F2-3F5C-8CE6-14AF360835DB}.RelWithDebInfo|Win32.Build.0 = RelWithDebInfo|Win32
		{000EE445-1A53-3550-A78C-1A0A13F64AFC}.Debug|Win32.ActiveCfg = Debug|Win32
		{000EE445-1A53-3550-A78C-1A0A13F64AFC}.Debug|Win32.Build.0 = Debug|Win32
		{000EE445-1A53-3550-A78C-1A0A13F64AFC}.Release|Win32.ActiveCfg = Release|Win32
		{000EE445-1A53-3550-A78C-1A0A13F64AFC}.Release|Win32.Build.0 = Release|Win32
		{000EE445-1A53-3550-A78C-1A0A13F64AFC}.MinSizeRel|Win32.ActiveCfg = MinSizeRel|Win32
		{000EE445-1A53-3550-A78C-1A0A13F64AFC}.MinSizeRel|Win32.Build.0 = MinSizeRel|Win32
		{000EE445-1A53-3550-A78C-1A0A13F64AFC}.RelWithDebInfo|Win32.ActiveCfg = RelWithDebInfo|Win32
		{000EE445-1A53-3550-A78C-1A0A13F64AFC}.RelWithDebInfo|Win32.Build.0 = RelWithDebInfo|Win32
		{9A3D19D2-9BFC-3A8C-8DD6-C3B6F403A28C}.Debug|Win32.ActiveCfg = Debug|Win32
		{9A3D19D2-9BFC-3A8C-8DD6-C3B6F403A28C}.Debug|Win32.Build.0 = Debug|Win32
		{9A3D19D2-9BFC-3A8C-8DD6-C3B6F403A28C}.Release|Win32.ActiveCfg = Release|Win32
		{9A3D19D2-9BFC-3A8C-8DD6-C3B6F403A28C}.Release|Win32.Build.0 = Release|Win32
		{9A3D19D2-9BFC-3A8C-8DD6-C3B6F403A28C}.MinSizeRel|Win32.ActiveCfg = MinSizeRel|Win32
		{9A3D19D2-9BFC-3A8C-8DD6-C3B6F403A28C}.MinSizeRel|Win32.Build.0 = MinSizeRel|Win32
		{9A3D19D2-9BFC-3A8C-8DD6-C3B6F403A28C}.RelWithDebInfo|Win32.ActiveCfg = RelWithDebInfo|Win32
		{9A3D19D2-9BFC-3A8C-8DD6-C3B6F403A28C}.RelWithDebInfo|Win32.Build.0 = RelWithDebInfo|Win32
		{FFBA7B61-D3D5-3ACF-AD79-C5A995E99C41}.Debug|Win32.ActiveCfg = Debug|Win32
		{FFBA7B61-D3D5-3ACF-AD79-C5A995E99C41}.Debug|Win32.Build.0 = Debug|Win32
		{FFBA7B61-D3D5-3ACF-AD79-C5A995E99C41}.Release|Win32.ActiveCfg = Release|Win32
		{FFBA7B61-D3D5-3ACF-AD79-C5A995E99C41}.Release|Win32.Build.0 = Release|Win32
		{FFBA7B61-D3D5-3ACF-AD79-C5A995E99C41}.MinSizeRel|Win32.ActiveCfg = MinSizeRel|Win32
		{FFBA7B61-D3D5-3ACF-AD79-C5A995E99C41}.MinSizeRel|Win32.Build.0 = MinSizeRel|Win32
		{FFBA7B61-D3D5-3ACF-AD79-C5A995E99C41}.RelWithDebInfo|Win32.ActiveCfg = RelWithDebInfo|Win32
		{FFBA7B61-D3D5-3ACF-AD79-C5A995E99C41}.RelWithDebInfo|Win32.Build.0 = RelWithDebInfo|Win32
		{B5C9C0DD-C8A8-3587-8842-006D1A7A11D4}.Debug|Win32.ActiveCfg = Debug|Win32
		{B5C9C0DD-C8A8-3587-8842-006D1A7A11D4}.Debug|Win32.Build.0 = Debug|Win32
		{B5C9C0DD-C8A8-3587-8842-006D1A7A11D4}.Release|Win32.ActiveCfg = Release|Win32
		{B5C9C0DD-C8A8-3587-8842-006D1A7A11D4}.Release|Win32.Build.0 = Release|Win32
		{B5C9C0DD-C8A8-3587-8842-006D1A7A11D4}.MinSizeRel|Win32.ActiveCfg = MinSizeRel|Win32
		{B5C9C0DD-C8A8-3587-8842-006D1A7A11D4}.MinSizeRel|Win32.Build.0 = MinSizeRel|Win32
		{B5C9C0DD-C8A8-3587-8842-006D1A7A11D4}.RelWithDebInfo|Win32.ActiveCfg = RelWithDebInfo|Win32
		{B5C9C0DD-C8A8-3587-8842-006D1A7A11D4}.RelWithDebInfo|Win32.Build.0 = RelWithDebInfo|Win32
		{13188B6F-5086-3B11-BE97-67E0E1BF0C19}.Debug|Win32.ActiveCfg = Debug|Win32
		{13188B6F-5086-3B11-BE97-67E0E1BF0C19}.Debug|Win32.Build.0 = Debug|Win32
		{13188B6F-5086-3B11-BE97-67E0E1BF0C19}.Release|Win32.ActiveCfg = Release|Win32
		{13188B6F-5086-3B11-BE97-67E0E1BF0C19}.Release|Win32.Build.0 = Release|Win32
		{13188B6F-5086-3B11-BE97-67E0E1BF0C19}.MinSizeRel|Win32.ActiveCfg = MinSizeRel|Win32
		{13188B6F-5086-3B11-BE97-67E0E1BF0C19}.MinSizeRel|Win32.Build.0 = MinSizeRel|Win32
		{13188B6F-5086-3B11-BE97-67E0E1BF0C19}.RelWithDebInfo|Win32.ActiveCfg = RelWithDebInfo|Win32
		{13188B6F-5086-3B11-BE97-67E0E1BF0C19}.RelWithDebInfo|Win32.Build.0 = RelWithDebInfo|Win32
	EndGlobalSection
	GlobalSection(NestedProjects) = preSolution
		{3CDCC6F2-231B-3829-8B02-A24FEAF0F42C} = {16446CC9-F2FA-3256-8E55-6539A1B46890}
		{6C753F63-CCB7-3732-ADD3-1CDBD961D613} = {16446CC9-F2FA-3256-8E55-6539A1B46890}
		{00219D7D-A4A9-3E29-9253-9DBC2201C8A0} = {16446CC9-F2FA-3256-8E55-6539A1B46890}
		{B5C9C0DD-C8A8-3587-8842-006D1A7A11D4} = {85958CC5-8DE9-3F49-9B54-11194783D111}
		{EEECB673-A332-36B6-890A-4952B9011076} = {C52FD859-F761-31B1-953E-14391AC4F442}
		{000EE445-1A53-3550-A78C-1A0A13F64AFC} = {EEECB673-A332-36B6-890A-4952B9011076}
		{8A8024C5-B5F2-3F5C-8CE6-14AF360835DB} = {9FF434E1-1681-3546-A08B-327B5D554B30}
		{9A3D19D2-9BFC-3A8C-8DD6-C3B6F403A28C} = {05D70FAC-A84A-3F57-92C4-ED842A92A297}
		{FFBA7B61-D3D5-3ACF-AD79-C5A995E99C41} = {05D70FAC-A84A-3F57-92C4-ED842A92A297}
		{13188B6F-5086-3B11-BE97-67E0E1BF0C19} = {05D70FAC-A84A-3F57-92C4-ED842A92A297}
	EndGlobalSection
	GlobalSection(ExtensibilityGlobals) = postSolution
		SolutionGuid = {ABEB1701-D67A-3D76-82B6-F15B8FFD760F}
	EndGlobalSection
	GlobalSection(ExtensibilityAddIns) = postSolution
	EndGlobalSection
EndGlobal
